// !$*UTF8*$!
{
	archiveVersion = 1;
	classes = {
	};
	objectVersion = 48;
	objects = {

/* Begin PBXBuildFile section */
		000E6DBE216F37CD0018779E /* UIViewController+KLTranstion.m in Sources */ = {isa = PBXBuildFile; fileRef = 000E6DBD216F37CD0018779E /* UIViewController+KLTranstion.m */; };
		000E6DC1216F3A7F0018779E /* KLTranstionDelegate.m in Sources */ = {isa = PBXBuildFile; fileRef = 000E6DC0216F3A7F0018779E /* KLTranstionDelegate.m */; };
		000E6DC5216F43860018779E /* KLAnimationAlert.m in Sources */ = {isa = PBXBuildFile; fileRef = 000E6DC4216F43860018779E /* KLAnimationAlert.m */; };
		00135A7520ECA9E7009B8BBF /* UserData.m in Sources */ = {isa = PBXBuildFile; fileRef = 00135A7420ECA9E7009B8BBF /* UserData.m */; };
		00135A7820ECAA3B009B8BBF /* DataBaseObject.m in Sources */ = {isa = PBXBuildFile; fileRef = 00135A7720ECAA3B009B8BBF /* DataBaseObject.m */; };
		00186721215259EF00F2D603 /* NSObject+KLObjectProperty.m in Sources */ = {isa = PBXBuildFile; fileRef = 00186720215259EF00F2D603 /* NSObject+KLObjectProperty.m */; };
		002FB55021A2516F00D0C7F5 /* WaveAnimateView.m in Sources */ = {isa = PBXBuildFile; fileRef = 002FB54F21A2516F00D0C7F5 /* WaveAnimateView.m */; };
		0031199E206CC4A400D5FC58 /* AppDelegate.m in Sources */ = {isa = PBXBuildFile; fileRef = 0031199D206CC4A400D5FC58 /* AppDelegate.m */; };
		003119A1206CC4A400D5FC58 /* ViewController.m in Sources */ = {isa = PBXBuildFile; fileRef = 003119A0206CC4A400D5FC58 /* ViewController.m */; };
		003119A4206CC4A400D5FC58 /* Main.storyboard in Resources */ = {isa = PBXBuildFile; fileRef = 003119A2206CC4A400D5FC58 /* Main.storyboard */; };
		003119A6206CC4A400D5FC58 /* Assets.xcassets in Resources */ = {isa = PBXBuildFile; fileRef = 003119A5206CC4A400D5FC58 /* Assets.xcassets */; };
		003119A9206CC4A400D5FC58 /* LaunchScreen.storyboard in Resources */ = {isa = PBXBuildFile; fileRef = 003119A7206CC4A400D5FC58 /* LaunchScreen.storyboard */; };
		003119AC206CC4A400D5FC58 /* main.m in Sources */ = {isa = PBXBuildFile; fileRef = 003119AB206CC4A400D5FC58 /* main.m */; };
		003119B4206CC51200D5FC58 /* UIControl+Category.m in Sources */ = {isa = PBXBuildFile; fileRef = 003119B3206CC51200D5FC58 /* UIControl+Category.m */; };
		003119BA206CDF5B00D5FC58 /* UIButton+Layout.m in Sources */ = {isa = PBXBuildFile; fileRef = 003119B9206CDF5B00D5FC58 /* UIButton+Layout.m */; };
		004110EA217DCCBB0050E647 /* KLNetWorking.m in Sources */ = {isa = PBXBuildFile; fileRef = 004110E9217DCCBB0050E647 /* KLNetWorking.m */; };
		004110EE217DCDB20050E647 /* KLURLRequest.m in Sources */ = {isa = PBXBuildFile; fileRef = 004110ED217DCDB20050E647 /* KLURLRequest.m */; };
		004110F1217DCDF30050E647 /* KLURLResponse.m in Sources */ = {isa = PBXBuildFile; fileRef = 004110F0217DCDF30050E647 /* KLURLResponse.m */; };
		0042AAE320D120F90090CEEA /* KLDeviceModel.m in Sources */ = {isa = PBXBuildFile; fileRef = 0042AAE220D120F90090CEEA /* KLDeviceModel.m */; };
		00545E6520CE54C900064686 /* UIImage+Category.m in Sources */ = {isa = PBXBuildFile; fileRef = 00545E6320CE54C900064686 /* UIImage+Category.m */; };
		0066D03820C5467F00EBD1A9 /* UIView+KLLayer.m in Sources */ = {isa = PBXBuildFile; fileRef = 0066D03620C5467F00EBD1A9 /* UIView+KLLayer.m */; };
		0066D03D20C54DAC00EBD1A9 /* KLAdvertView.m in Sources */ = {isa = PBXBuildFile; fileRef = 0066D03920C54DAC00EBD1A9 /* KLAdvertView.m */; };
		0066D03E20C54DAC00EBD1A9 /* LL_AdvertScrollView.m in Sources */ = {isa = PBXBuildFile; fileRef = 0066D03C20C54DAC00EBD1A9 /* LL_AdvertScrollView.m */; };
		00786E6720DCF62300495592 /* KLDrawView.m in Sources */ = {isa = PBXBuildFile; fileRef = 00786E6520DCF62300495592 /* KLDrawView.m */; };
		0091A13B20F84378007E4759 /* Accelerate.framework in Frameworks */ = {isa = PBXBuildFile; fileRef = 0091A13A20F84377007E4759 /* Accelerate.framework */; };
		0091A14220F87E40007E4759 /* libFMDB.a in Frameworks */ = {isa = PBXBuildFile; fileRef = 0091A14520F87E40007E4759 /* libFMDB.a */; };
		0091A14320F87E40007E4759 /* libGPUImage.a in Frameworks */ = {isa = PBXBuildFile; fileRef = 0091A14620F87E40007E4759 /* libGPUImage.a */; };
		0091A14420F87E40007E4759 /* libSDWebImage.a in Frameworks */ = {isa = PBXBuildFile; fileRef = 0091A14720F87E40007E4759 /* libSDWebImage.a */; };
		00BEFAD0212ED110009B5DE5 /* KLReflectionView.m in Sources */ = {isa = PBXBuildFile; fileRef = 00BEFACF212ED110009B5DE5 /* KLReflectionView.m */; };
		00D509BF2186FED70000A7E0 /* CoreAnimateTest.m in Sources */ = {isa = PBXBuildFile; fileRef = 00D509BE2186FED70000A7E0 /* CoreAnimateTest.m */; };
		00DD1AA520EA1CE10057E030 /* KLAlertController.m in Sources */ = {isa = PBXBuildFile; fileRef = 00DD1AA420EA1CE10057E030 /* KLAlertController.m */; };
		00F2557A20FD803C003D2E84 /* KLPhotoTool.m in Sources */ = {isa = PBXBuildFile; fileRef = 00F2557920FD803C003D2E84 /* KLPhotoTool.m */; };
		00F2557C20FD809A003D2E84 /* Photos.framework in Frameworks */ = {isa = PBXBuildFile; fileRef = 00F2557B20FD809A003D2E84 /* Photos.framework */; };
		00F2557E20FDCC14003D2E84 /* KLImage.bundle in Resources */ = {isa = PBXBuildFile; fileRef = 00F2557D20FDCC14003D2E84 /* KLImage.bundle */; };
		7439F27E2238A12B00E1B41D /* ToolDemoTests.m in Sources */ = {isa = PBXBuildFile; fileRef = 7439F27D2238A12B00E1B41D /* ToolDemoTests.m */; };
		B695C5DA2C2CDC2351C65917 /* libPods-ToolDemo.a in Frameworks */ = {isa = PBXBuildFile; fileRef = CF2080334BA0FF7607229973 /* libPods-ToolDemo.a */; };
/* End PBXBuildFile section */

/* Begin PBXContainerItemProxy section */
		7439F2802238A12B00E1B41D /* PBXContainerItemProxy */ = {
			isa = PBXContainerItemProxy;
			containerPortal = 00311991206CC4A400D5FC58 /* Project object */;
			proxyType = 1;
			remoteGlobalIDString = 00311998206CC4A400D5FC58;
			remoteInfo = ToolDemo;
		};
/* End PBXContainerItemProxy section */

/* Begin PBXFileReference section */
		000E6DBC216F37CD0018779E /* UIViewController+KLTranstion.h */ = {isa = PBXFileReference; lastKnownFileType = sourcecode.c.h; path = "UIViewController+KLTranstion.h"; sourceTree = "<group>"; };
		000E6DBD216F37CD0018779E /* UIViewController+KLTranstion.m */ = {isa = PBXFileReference; lastKnownFileType = sourcecode.c.objc; path = "UIViewController+KLTranstion.m"; sourceTree = "<group>"; };
		000E6DBF216F3A7F0018779E /* KLTranstionDelegate.h */ = {isa = PBXFileReference; lastKnownFileType = sourcecode.c.h; path = KLTranstionDelegate.h; sourceTree = "<group>"; };
		000E6DC0216F3A7F0018779E /* KLTranstionDelegate.m */ = {isa = PBXFileReference; lastKnownFileType = sourcecode.c.objc; path = KLTranstionDelegate.m; sourceTree = "<group>"; };
		000E6DC2216F3EDB0018779E /* KLTranstionStyle.h */ = {isa = PBXFileReference; lastKnownFileType = sourcecode.c.h; path = KLTranstionStyle.h; sourceTree = "<group>"; };
		000E6DC3216F43860018779E /* KLAnimationAlert.h */ = {isa = PBXFileReference; lastKnownFileType = sourcecode.c.h; path = KLAnimationAlert.h; sourceTree = "<group>"; };
		000E6DC4216F43860018779E /* KLAnimationAlert.m */ = {isa = PBXFileReference; lastKnownFileType = sourcecode.c.objc; path = KLAnimationAlert.m; sourceTree = "<group>"; };
		00135A7320ECA9E7009B8BBF /* UserData.h */ = {isa = PBXFileReference; lastKnownFileType = sourcecode.c.h; path = UserData.h; sourceTree = "<group>"; };
		00135A7420ECA9E7009B8BBF /* UserData.m */ = {isa = PBXFileReference; lastKnownFileType = sourcecode.c.objc; path = UserData.m; sourceTree = "<group>"; };
		00135A7620ECAA3B009B8BBF /* DataBaseObject.h */ = {isa = PBXFileReference; lastKnownFileType = sourcecode.c.h; path = DataBaseObject.h; sourceTree = "<group>"; };
		00135A7720ECAA3B009B8BBF /* DataBaseObject.m */ = {isa = PBXFileReference; lastKnownFileType = sourcecode.c.objc; path = DataBaseObject.m; sourceTree = "<group>"; };
		0018671F215259EF00F2D603 /* NSObject+KLObjectProperty.h */ = {isa = PBXFileReference; lastKnownFileType = sourcecode.c.h; path = "NSObject+KLObjectProperty.h"; sourceTree = "<group>"; };
		00186720215259EF00F2D603 /* NSObject+KLObjectProperty.m */ = {isa = PBXFileReference; lastKnownFileType = sourcecode.c.objc; path = "NSObject+KLObjectProperty.m"; sourceTree = "<group>"; };
		002FB54E21A2516F00D0C7F5 /* WaveAnimateView.h */ = {isa = PBXFileReference; lastKnownFileType = sourcecode.c.h; path = WaveAnimateView.h; sourceTree = "<group>"; };
		002FB54F21A2516F00D0C7F5 /* WaveAnimateView.m */ = {isa = PBXFileReference; lastKnownFileType = sourcecode.c.objc; path = WaveAnimateView.m; sourceTree = "<group>"; };
		00311999206CC4A400D5FC58 /* ToolDemo.app */ = {isa = PBXFileReference; explicitFileType = wrapper.application; includeInIndex = 0; path = ToolDemo.app; sourceTree = BUILT_PRODUCTS_DIR; };
		0031199C206CC4A400D5FC58 /* AppDelegate.h */ = {isa = PBXFileReference; lastKnownFileType = sourcecode.c.h; path = AppDelegate.h; sourceTree = "<group>"; };
		0031199D206CC4A400D5FC58 /* AppDelegate.m */ = {isa = PBXFileReference; lastKnownFileType = sourcecode.c.objc; path = AppDelegate.m; sourceTree = "<group>"; };
		0031199F206CC4A400D5FC58 /* ViewController.h */ = {isa = PBXFileReference; lastKnownFileType = sourcecode.c.h; path = ViewController.h; sourceTree = "<group>"; };
		003119A0206CC4A400D5FC58 /* ViewController.m */ = {isa = PBXFileReference; lastKnownFileType = sourcecode.c.objc; path = ViewController.m; sourceTree = "<group>"; };
		003119A3206CC4A400D5FC58 /* Base */ = {isa = PBXFileReference; lastKnownFileType = file.storyboard; name = Base; path = Base.lproj/Main.storyboard; sourceTree = "<group>"; };
		003119A5206CC4A400D5FC58 /* Assets.xcassets */ = {isa = PBXFileReference; lastKnownFileType = folder.assetcatalog; path = Assets.xcassets; sourceTree = "<group>"; };
		003119A8206CC4A400D5FC58 /* Base */ = {isa = PBXFileReference; lastKnownFileType = file.storyboard; name = Base; path = Base.lproj/LaunchScreen.storyboard; sourceTree = "<group>"; };
		003119AA206CC4A400D5FC58 /* Info.plist */ = {isa = PBXFileReference; lastKnownFileType = text.plist.xml; path = Info.plist; sourceTree = "<group>"; };
		003119AB206CC4A400D5FC58 /* main.m */ = {isa = PBXFileReference; lastKnownFileType = sourcecode.c.objc; path = main.m; sourceTree = "<group>"; };
		003119B2206CC51200D5FC58 /* UIControl+Category.h */ = {isa = PBXFileReference; lastKnownFileType = sourcecode.c.h; path = "UIControl+Category.h"; sourceTree = "<group>"; };
		003119B3206CC51200D5FC58 /* UIControl+Category.m */ = {isa = PBXFileReference; lastKnownFileType = sourcecode.c.objc; path = "UIControl+Category.m"; sourceTree = "<group>"; };
		003119B8206CDF5B00D5FC58 /* UIButton+Layout.h */ = {isa = PBXFileReference; lastKnownFileType = sourcecode.c.h; path = "UIButton+Layout.h"; sourceTree = "<group>"; };
		003119B9206CDF5B00D5FC58 /* UIButton+Layout.m */ = {isa = PBXFileReference; lastKnownFileType = sourcecode.c.objc; path = "UIButton+Layout.m"; sourceTree = "<group>"; };
		004110E8217DCCBB0050E647 /* KLNetWorking.h */ = {isa = PBXFileReference; lastKnownFileType = sourcecode.c.h; path = KLNetWorking.h; sourceTree = "<group>"; };
		004110E9217DCCBB0050E647 /* KLNetWorking.m */ = {isa = PBXFileReference; lastKnownFileType = sourcecode.c.objc; path = KLNetWorking.m; sourceTree = "<group>"; };
		004110EC217DCDB20050E647 /* KLURLRequest.h */ = {isa = PBXFileReference; lastKnownFileType = sourcecode.c.h; path = KLURLRequest.h; sourceTree = "<group>"; };
		004110ED217DCDB20050E647 /* KLURLRequest.m */ = {isa = PBXFileReference; lastKnownFileType = sourcecode.c.objc; path = KLURLRequest.m; sourceTree = "<group>"; };
		004110EF217DCDF30050E647 /* KLURLResponse.h */ = {isa = PBXFileReference; lastKnownFileType = sourcecode.c.h; path = KLURLResponse.h; sourceTree = "<group>"; };
		004110F0217DCDF30050E647 /* KLURLResponse.m */ = {isa = PBXFileReference; lastKnownFileType = sourcecode.c.objc; path = KLURLResponse.m; sourceTree = "<group>"; };
		0042AAE120D120F90090CEEA /* KLDeviceModel.h */ = {isa = PBXFileReference; lastKnownFileType = sourcecode.c.h; path = KLDeviceModel.h; sourceTree = "<group>"; };
		0042AAE220D120F90090CEEA /* KLDeviceModel.m */ = {isa = PBXFileReference; lastKnownFileType = sourcecode.c.objc; path = KLDeviceModel.m; sourceTree = "<group>"; };
		00545E6320CE54C900064686 /* UIImage+Category.m */ = {isa = PBXFileReference; fileEncoding = 4; lastKnownFileType = sourcecode.c.objc; path = "UIImage+Category.m"; sourceTree = "<group>"; };
		00545E6420CE54C900064686 /* UIImage+Category.h */ = {isa = PBXFileReference; fileEncoding = 4; lastKnownFileType = sourcecode.c.h; path = "UIImage+Category.h"; sourceTree = "<group>"; };
		0066D03620C5467F00EBD1A9 /* UIView+KLLayer.m */ = {isa = PBXFileReference; fileEncoding = 4; lastKnownFileType = sourcecode.c.objc; path = "UIView+KLLayer.m"; sourceTree = "<group>"; };
		0066D03720C5467F00EBD1A9 /* UIView+KLLayer.h */ = {isa = PBXFileReference; fileEncoding = 4; lastKnownFileType = sourcecode.c.h; path = "UIView+KLLayer.h"; sourceTree = "<group>"; };
		0066D03920C54DAC00EBD1A9 /* KLAdvertView.m */ = {isa = PBXFileReference; fileEncoding = 4; lastKnownFileType = sourcecode.c.objc; path = KLAdvertView.m; sourceTree = "<group>"; };
		0066D03A20C54DAC00EBD1A9 /* KLAdvertView.h */ = {isa = PBXFileReference; fileEncoding = 4; lastKnownFileType = sourcecode.c.h; path = KLAdvertView.h; sourceTree = "<group>"; };
		0066D03B20C54DAC00EBD1A9 /* LL_AdvertScrollView.h */ = {isa = PBXFileReference; fileEncoding = 4; lastKnownFileType = sourcecode.c.h; path = LL_AdvertScrollView.h; sourceTree = "<group>"; };
		0066D03C20C54DAC00EBD1A9 /* LL_AdvertScrollView.m */ = {isa = PBXFileReference; fileEncoding = 4; lastKnownFileType = sourcecode.c.objc; path = LL_AdvertScrollView.m; sourceTree = "<group>"; };
		00786E6520DCF62300495592 /* KLDrawView.m */ = {isa = PBXFileReference; fileEncoding = 4; lastKnownFileType = sourcecode.c.objc; path = KLDrawView.m; sourceTree = "<group>"; };
		00786E6620DCF62300495592 /* KLDrawView.h */ = {isa = PBXFileReference; fileEncoding = 4; lastKnownFileType = sourcecode.c.h; path = KLDrawView.h; sourceTree = "<group>"; };
		0091A13A20F84377007E4759 /* Accelerate.framework */ = {isa = PBXFileReference; lastKnownFileType = wrapper.framework; name = Accelerate.framework; path = System/Library/Frameworks/Accelerate.framework; sourceTree = SDKROOT; };
		0091A14520F87E40007E4759 /* libFMDB.a */ = {isa = PBXFileReference; explicitFileType = archive.ar; path = libFMDB.a; sourceTree = BUILT_PRODUCTS_DIR; };
		0091A14620F87E40007E4759 /* libGPUImage.a */ = {isa = PBXFileReference; explicitFileType = archive.ar; path = libGPUImage.a; sourceTree = BUILT_PRODUCTS_DIR; };
		0091A14720F87E40007E4759 /* libSDWebImage.a */ = {isa = PBXFileReference; explicitFileType = archive.ar; path = libSDWebImage.a; sourceTree = BUILT_PRODUCTS_DIR; };
		00BEFACE212ED110009B5DE5 /* KLReflectionView.h */ = {isa = PBXFileReference; lastKnownFileType = sourcecode.c.h; path = KLReflectionView.h; sourceTree = "<group>"; };
		00BEFACF212ED110009B5DE5 /* KLReflectionView.m */ = {isa = PBXFileReference; lastKnownFileType = sourcecode.c.objc; path = KLReflectionView.m; sourceTree = "<group>"; };
		00D509BD2186FED70000A7E0 /* CoreAnimateTest.h */ = {isa = PBXFileReference; lastKnownFileType = sourcecode.c.h; path = CoreAnimateTest.h; sourceTree = "<group>"; };
		00D509BE2186FED70000A7E0 /* CoreAnimateTest.m */ = {isa = PBXFileReference; lastKnownFileType = sourcecode.c.objc; path = CoreAnimateTest.m; sourceTree = "<group>"; };
		00DD1AA320EA1CE10057E030 /* KLAlertController.h */ = {isa = PBXFileReference; lastKnownFileType = sourcecode.c.h; path = KLAlertController.h; sourceTree = "<group>"; };
		00DD1AA420EA1CE10057E030 /* KLAlertController.m */ = {isa = PBXFileReference; lastKnownFileType = sourcecode.c.objc; path = KLAlertController.m; sourceTree = "<group>"; };
		00F2557820FD803C003D2E84 /* KLPhotoTool.h */ = {isa = PBXFileReference; lastKnownFileType = sourcecode.c.h; path = KLPhotoTool.h; sourceTree = "<group>"; };
		00F2557920FD803C003D2E84 /* KLPhotoTool.m */ = {isa = PBXFileReference; lastKnownFileType = sourcecode.c.objc; path = KLPhotoTool.m; sourceTree = "<group>"; };
		00F2557B20FD809A003D2E84 /* Photos.framework */ = {isa = PBXFileReference; lastKnownFileType = wrapper.framework; name = Photos.framework; path = System/Library/Frameworks/Photos.framework; sourceTree = SDKROOT; };
		00F2557D20FDCC14003D2E84 /* KLImage.bundle */ = {isa = PBXFileReference; lastKnownFileType = "wrapper.plug-in"; path = KLImage.bundle; sourceTree = "<group>"; };
		5BD7D31BFCAD4BE79A5FC57F /* Pods-ToolDemo.release.xcconfig */ = {isa = PBXFileReference; includeInIndex = 1; lastKnownFileType = text.xcconfig; name = "Pods-ToolDemo.release.xcconfig"; path = "Pods/Target Support Files/Pods-ToolDemo/Pods-ToolDemo.release.xcconfig"; sourceTree = "<group>"; };
		7439F27B2238A12B00E1B41D /* ToolDemoTests.xctest */ = {isa = PBXFileReference; explicitFileType = wrapper.cfbundle; includeInIndex = 0; path = ToolDemoTests.xctest; sourceTree = BUILT_PRODUCTS_DIR; };
		7439F27D2238A12B00E1B41D /* ToolDemoTests.m */ = {isa = PBXFileReference; lastKnownFileType = sourcecode.c.objc; path = ToolDemoTests.m; sourceTree = "<group>"; };
		7439F27F2238A12B00E1B41D /* Info.plist */ = {isa = PBXFileReference; lastKnownFileType = text.plist.xml; path = Info.plist; sourceTree = "<group>"; };
		CF2080334BA0FF7607229973 /* libPods-ToolDemo.a */ = {isa = PBXFileReference; explicitFileType = archive.ar; includeInIndex = 0; path = "libPods-ToolDemo.a"; sourceTree = BUILT_PRODUCTS_DIR; };
		DACA40E76ECA94BDFD397464 /* Pods-ToolDemo.debug.xcconfig */ = {isa = PBXFileReference; includeInIndex = 1; lastKnownFileType = text.xcconfig; name = "Pods-ToolDemo.debug.xcconfig"; path = "Pods/Target Support Files/Pods-ToolDemo/Pods-ToolDemo.debug.xcconfig"; sourceTree = "<group>"; };
/* End PBXFileReference section */

/* Begin PBXFrameworksBuildPhase section */
		00311996206CC4A400D5FC58 /* Frameworks */ = {
			isa = PBXFrameworksBuildPhase;
			buildActionMask = 2147483647;
			files = (
				00F2557C20FD809A003D2E84 /* Photos.framework in Frameworks */,
				0091A14220F87E40007E4759 /* libFMDB.a in Frameworks */,
				0091A14320F87E40007E4759 /* libGPUImage.a in Frameworks */,
				0091A14420F87E40007E4759 /* libSDWebImage.a in Frameworks */,
				0091A13B20F84378007E4759 /* Accelerate.framework in Frameworks */,
				B695C5DA2C2CDC2351C65917 /* libPods-ToolDemo.a in Frameworks */,
			);
			runOnlyForDeploymentPostprocessing = 0;
		};
		7439F2782238A12B00E1B41D /* Frameworks */ = {
			isa = PBXFrameworksBuildPhase;
			buildActionMask = 2147483647;
			files = (
			);
			runOnlyForDeploymentPostprocessing = 0;
		};
/* End PBXFrameworksBuildPhase section */

/* Begin PBXGroup section */
		000E6DBB216F37AB0018779E /* KLTranstion */ = {
			isa = PBXGroup;
			children = (
				00DD1AA320EA1CE10057E030 /* KLAlertController.h */,
				00DD1AA420EA1CE10057E030 /* KLAlertController.m */,
				000E6DC2216F3EDB0018779E /* KLTranstionStyle.h */,
				000E6DBC216F37CD0018779E /* UIViewController+KLTranstion.h */,
				000E6DBD216F37CD0018779E /* UIViewController+KLTranstion.m */,
				000E6DBF216F3A7F0018779E /* KLTranstionDelegate.h */,
				000E6DC0216F3A7F0018779E /* KLTranstionDelegate.m */,
				000E6DC3216F43860018779E /* KLAnimationAlert.h */,
				000E6DC4216F43860018779E /* KLAnimationAlert.m */,
			);
			path = KLTranstion;
			sourceTree = "<group>";
		};
		00135A7220ECA9AA009B8BBF /* FMDBTools */ = {
			isa = PBXGroup;
			children = (
				00135A7320ECA9E7009B8BBF /* UserData.h */,
				00135A7420ECA9E7009B8BBF /* UserData.m */,
				00135A7620ECAA3B009B8BBF /* DataBaseObject.h */,
				00135A7720ECAA3B009B8BBF /* DataBaseObject.m */,
			);
			path = FMDBTools;
			sourceTree = "<group>";
		};
		00311990206CC4A400D5FC58 = {
			isa = PBXGroup;
			children = (
				0031199B206CC4A400D5FC58 /* ToolDemo */,
				7439F27C2238A12B00E1B41D /* ToolDemoTests */,
				0031199A206CC4A400D5FC58 /* Products */,
				08B35164274769DCD689297A /* Pods */,
				D63ABB344F002F797A424814 /* Frameworks */,
			);
			sourceTree = "<group>";
		};
		0031199A206CC4A400D5FC58 /* Products */ = {
			isa = PBXGroup;
			children = (
				00311999206CC4A400D5FC58 /* ToolDemo.app */,
				7439F27B2238A12B00E1B41D /* ToolDemoTests.xctest */,
			);
			name = Products;
			sourceTree = "<group>";
		};
		0031199B206CC4A400D5FC58 /* ToolDemo */ = {
			isa = PBXGroup;
			children = (
				00D509BC2186FEB40000A7E0 /* CoreAnimate */,
				00A5AE08212F9D30002762AB /* Navigation */,
				00F2557D20FDCC14003D2E84 /* KLImage.bundle */,
				00786E6620DCF62300495592 /* KLDrawView.h */,
				00786E6520DCF62300495592 /* KLDrawView.m */,
				0031199C206CC4A400D5FC58 /* AppDelegate.h */,
				0031199D206CC4A400D5FC58 /* AppDelegate.m */,
				0031199F206CC4A400D5FC58 /* ViewController.h */,
				003119A0206CC4A400D5FC58 /* ViewController.m */,
				0066D03720C5467F00EBD1A9 /* UIView+KLLayer.h */,
				0066D03620C5467F00EBD1A9 /* UIView+KLLayer.m */,
				003119B2206CC51200D5FC58 /* UIControl+Category.h */,
				003119B3206CC51200D5FC58 /* UIControl+Category.m */,
				003119B8206CDF5B00D5FC58 /* UIButton+Layout.h */,
				003119B9206CDF5B00D5FC58 /* UIButton+Layout.m */,
				0066D03A20C54DAC00EBD1A9 /* KLAdvertView.h */,
				0066D03920C54DAC00EBD1A9 /* KLAdvertView.m */,
				0066D03B20C54DAC00EBD1A9 /* LL_AdvertScrollView.h */,
				0066D03C20C54DAC00EBD1A9 /* LL_AdvertScrollView.m */,
				00545E6420CE54C900064686 /* UIImage+Category.h */,
				00545E6320CE54C900064686 /* UIImage+Category.m */,
				0042AAE120D120F90090CEEA /* KLDeviceModel.h */,
				0042AAE220D120F90090CEEA /* KLDeviceModel.m */,
				00BEFACE212ED110009B5DE5 /* KLReflectionView.h */,
				00BEFACF212ED110009B5DE5 /* KLReflectionView.m */,
				0018671F215259EF00F2D603 /* NSObject+KLObjectProperty.h */,
				00186720215259EF00F2D603 /* NSObject+KLObjectProperty.m */,
				004110EB217DCD470050E647 /* KLNetWorking */,
				000E6DBB216F37AB0018779E /* KLTranstion */,
				00F2557720FD7FE6003D2E84 /* PHPhotoTool */,
				00135A7220ECA9AA009B8BBF /* FMDBTools */,
				003119A2206CC4A400D5FC58 /* Main.storyboard */,
				003119A5206CC4A400D5FC58 /* Assets.xcassets */,
				003119A7206CC4A400D5FC58 /* LaunchScreen.storyboard */,
				003119AA206CC4A400D5FC58 /* Info.plist */,
				003119AB206CC4A400D5FC58 /* main.m */,
			);
			path = ToolDemo;
			sourceTree = "<group>";
		};
		004110EB217DCD470050E647 /* KLNetWorking */ = {
			isa = PBXGroup;
			children = (
				004110E8217DCCBB0050E647 /* KLNetWorking.h */,
				004110E9217DCCBB0050E647 /* KLNetWorking.m */,
				004110EC217DCDB20050E647 /* KLURLRequest.h */,
				004110ED217DCDB20050E647 /* KLURLRequest.m */,
				004110EF217DCDF30050E647 /* KLURLResponse.h */,
				004110F0217DCDF30050E647 /* KLURLResponse.m */,
			);
			path = KLNetWorking;
			sourceTree = "<group>";
		};
		00A5AE08212F9D30002762AB /* Navigation */ = {
			isa = PBXGroup;
			children = (
			);
			path = Navigation;
			sourceTree = "<group>";
		};
		00D509BC2186FEB40000A7E0 /* CoreAnimate */ = {
			isa = PBXGroup;
			children = (
				00D509BD2186FED70000A7E0 /* CoreAnimateTest.h */,
				00D509BE2186FED70000A7E0 /* CoreAnimateTest.m */,
				002FB54E21A2516F00D0C7F5 /* WaveAnimateView.h */,
				002FB54F21A2516F00D0C7F5 /* WaveAnimateView.m */,
			);
			path = CoreAnimate;
			sourceTree = "<group>";
		};
		00F2557720FD7FE6003D2E84 /* PHPhotoTool */ = {
			isa = PBXGroup;
			children = (
				00F2557820FD803C003D2E84 /* KLPhotoTool.h */,
				00F2557920FD803C003D2E84 /* KLPhotoTool.m */,
			);
			path = PHPhotoTool;
			sourceTree = "<group>";
		};
		08B35164274769DCD689297A /* Pods */ = {
			isa = PBXGroup;
			children = (
				DACA40E76ECA94BDFD397464 /* Pods-ToolDemo.debug.xcconfig */,
				5BD7D31BFCAD4BE79A5FC57F /* Pods-ToolDemo.release.xcconfig */,
			);
			name = Pods;
			sourceTree = "<group>";
		};
		7439F27C2238A12B00E1B41D /* ToolDemoTests */ = {
			isa = PBXGroup;
			children = (
				7439F27D2238A12B00E1B41D /* ToolDemoTests.m */,
				7439F27F2238A12B00E1B41D /* Info.plist */,
			);
			path = ToolDemoTests;
			sourceTree = "<group>";
		};
		D63ABB344F002F797A424814 /* Frameworks */ = {
			isa = PBXGroup;
			children = (
				00F2557B20FD809A003D2E84 /* Photos.framework */,
				0091A14520F87E40007E4759 /* libFMDB.a */,
				0091A14620F87E40007E4759 /* libGPUImage.a */,
				0091A14720F87E40007E4759 /* libSDWebImage.a */,
				0091A13A20F84377007E4759 /* Accelerate.framework */,
				CF2080334BA0FF7607229973 /* libPods-ToolDemo.a */,
			);
			name = Frameworks;
			sourceTree = "<group>";
		};
/* End PBXGroup section */

/* Begin PBXNativeTarget section */
		00311998206CC4A400D5FC58 /* ToolDemo */ = {
			isa = PBXNativeTarget;
			buildConfigurationList = 003119AF206CC4A400D5FC58 /* Build configuration list for PBXNativeTarget "ToolDemo" */;
			buildPhases = (
				905332F57A09F1214FA58D6F /* [CP] Check Pods Manifest.lock */,
				00311995206CC4A400D5FC58 /* Sources */,
				00311996206CC4A400D5FC58 /* Frameworks */,
				00311997206CC4A400D5FC58 /* Resources */,
				EF7ADC0B62E351B53B3C960A /* [CP] Copy Pods Resources */,
			);
			buildRules = (
			);
			dependencies = (
			);
			name = ToolDemo;
			productName = ToolDemo;
			productReference = 00311999206CC4A400D5FC58 /* ToolDemo.app */;
			productType = "com.apple.product-type.application";
		};
		7439F27A2238A12B00E1B41D /* ToolDemoTests */ = {
			isa = PBXNativeTarget;
			buildConfigurationList = 7439F2842238A12B00E1B41D /* Build configuration list for PBXNativeTarget "ToolDemoTests" */;
			buildPhases = (
				7439F2772238A12B00E1B41D /* Sources */,
				7439F2782238A12B00E1B41D /* Frameworks */,
				7439F2792238A12B00E1B41D /* Resources */,
			);
			buildRules = (
			);
			dependencies = (
				7439F2812238A12B00E1B41D /* PBXTargetDependency */,
			);
			name = ToolDemoTests;
			productName = ToolDemoTests;
			productReference = 7439F27B2238A12B00E1B41D /* ToolDemoTests.xctest */;
			productType = "com.apple.product-type.bundle.unit-test";
		};
/* End PBXNativeTarget section */

/* Begin PBXProject section */
		00311991206CC4A400D5FC58 /* Project object */ = {
			isa = PBXProject;
			attributes = {
				DefaultBuildSystemTypeForWorkspace = Original;
				LastUpgradeCheck = 0920;
				ORGANIZATIONNAME = "赵凯乐";
				TargetAttributes = {
					00311998206CC4A400D5FC58 = {
						CreatedOnToolsVersion = 9.2;
						ProvisioningStyle = Automatic;
					};
					7439F27A2238A12B00E1B41D = {
						CreatedOnToolsVersion = 10.1;
						ProvisioningStyle = Automatic;
						TestTargetID = 00311998206CC4A400D5FC58;
					};
				};
			};
			buildConfigurationList = 00311994206CC4A400D5FC58 /* Build configuration list for PBXProject "ToolDemo" */;
			compatibilityVersion = "Xcode 8.0";
			developmentRegion = en;
			hasScannedForEncodings = 0;
			knownRegions = (
				en,
				Base,
			);
			mainGroup = 00311990206CC4A400D5FC58;
			productRefGroup = 0031199A206CC4A400D5FC58 /* Products */;
			projectDirPath = "";
			projectRoot = "";
			targets = (
				00311998206CC4A400D5FC58 /* ToolDemo */,
				7439F27A2238A12B00E1B41D /* ToolDemoTests */,
			);
		};
/* End PBXProject section */

/* Begin PBXResourcesBuildPhase section */
		00311997206CC4A400D5FC58 /* Resources */ = {
			isa = PBXResourcesBuildPhase;
			buildActionMask = 2147483647;
			files = (
				003119A9206CC4A400D5FC58 /* LaunchScreen.storyboard in Resources */,
				003119A6206CC4A400D5FC58 /* Assets.xcassets in Resources */,
				00F2557E20FDCC14003D2E84 /* KLImage.bundle in Resources */,
				003119A4206CC4A400D5FC58 /* Main.storyboard in Resources */,
			);
			runOnlyForDeploymentPostprocessing = 0;
		};
		7439F2792238A12B00E1B41D /* Resources */ = {
			isa = PBXResourcesBuildPhase;
			buildActionMask = 2147483647;
			files = (
			);
			runOnlyForDeploymentPostprocessing = 0;
		};
/* End PBXResourcesBuildPhase section */

/* Begin PBXShellScriptBuildPhase section */
		905332F57A09F1214FA58D6F /* [CP] Check Pods Manifest.lock */ = {
			isa = PBXShellScriptBuildPhase;
			buildActionMask = 2147483647;
			files = (
			);
			inputPaths = (
				"${PODS_PODFILE_DIR_PATH}/Podfile.lock",
				"${PODS_ROOT}/Manifest.lock",
			);
			name = "[CP] Check Pods Manifest.lock";
			outputPaths = (
				"$(DERIVED_FILE_DIR)/Pods-ToolDemo-checkManifestLockResult.txt",
			);
			runOnlyForDeploymentPostprocessing = 0;
			shellPath = /bin/sh;
			shellScript = "diff \"${PODS_PODFILE_DIR_PATH}/Podfile.lock\" \"${PODS_ROOT}/Manifest.lock\" > /dev/null\nif [ $? != 0 ] ; then\n    # print error to STDERR\n    echo \"error: The sandbox is not in sync with the Podfile.lock. Run 'pod install' or update your CocoaPods installation.\" >&2\n    exit 1\nfi\n# This output is used by Xcode 'outputs' to avoid re-running this script phase.\necho \"SUCCESS\" > \"${SCRIPT_OUTPUT_FILE_0}\"\n";
			showEnvVarsInLog = 0;
		};
		EF7ADC0B62E351B53B3C960A /* [CP] Copy Pods Resources */ = {
			isa = PBXShellScriptBuildPhase;
			buildActionMask = 2147483647;
			files = (
			);
			inputPaths = (
				"${SRCROOT}/Pods/Target Support Files/Pods-ToolDemo/Pods-ToolDemo-resources.sh",
				"${PODS_ROOT}/GPUImage/framework/Resources/lookup.png",
				"${PODS_ROOT}/GPUImage/framework/Resources/lookup_amatorka.png",
				"${PODS_ROOT}/GPUImage/framework/Resources/lookup_miss_etikate.png",
				"${PODS_ROOT}/GPUImage/framework/Resources/lookup_soft_elegance_1.png",
				"${PODS_ROOT}/GPUImage/framework/Resources/lookup_soft_elegance_2.png",
			);
			name = "[CP] Copy Pods Resources";
			outputPaths = (
				"${TARGET_BUILD_DIR}/${UNLOCALIZED_RESOURCES_FOLDER_PATH}/lookup.png",
				"${TARGET_BUILD_DIR}/${UNLOCALIZED_RESOURCES_FOLDER_PATH}/lookup_amatorka.png",
				"${TARGET_BUILD_DIR}/${UNLOCALIZED_RESOURCES_FOLDER_PATH}/lookup_miss_etikate.png",
				"${TARGET_BUILD_DIR}/${UNLOCALIZED_RESOURCES_FOLDER_PATH}/lookup_soft_elegance_1.png",
				"${TARGET_BUILD_DIR}/${UNLOCALIZED_RESOURCES_FOLDER_PATH}/lookup_soft_elegance_2.png",
			);
			runOnlyForDeploymentPostprocessing = 0;
			shellPath = /bin/sh;
			shellScript = "\"${SRCROOT}/Pods/Target Support Files/Pods-ToolDemo/Pods-ToolDemo-resources.sh\"\n";
			showEnvVarsInLog = 0;
		};
/* End PBXShellScriptBuildPhase section */

/* Begin PBXSourcesBuildPhase section */
		00311995206CC4A400D5FC58 /* Sources */ = {
			isa = PBXSourcesBuildPhase;
			buildActionMask = 2147483647;
			files = (
				00135A7520ECA9E7009B8BBF /* UserData.m in Sources */,
				00BEFAD0212ED110009B5DE5 /* KLReflectionView.m in Sources */,
				0066D03D20C54DAC00EBD1A9 /* KLAdvertView.m in Sources */,
				000E6DC1216F3A7F0018779E /* KLTranstionDelegate.m in Sources */,
				0042AAE320D120F90090CEEA /* KLDeviceModel.m in Sources */,
				003119A1206CC4A400D5FC58 /* ViewController.m in Sources */,
				00186721215259EF00F2D603 /* NSObject+KLObjectProperty.m in Sources */,
				002FB55021A2516F00D0C7F5 /* WaveAnimateView.m in Sources */,
				003119AC206CC4A400D5FC58 /* main.m in Sources */,
				000E6DBE216F37CD0018779E /* UIViewController+KLTranstion.m in Sources */,
				00135A7820ECAA3B009B8BBF /* DataBaseObject.m in Sources */,
				004110F1217DCDF30050E647 /* KLURLResponse.m in Sources */,
				0031199E206CC4A400D5FC58 /* AppDelegate.m in Sources */,
				000E6DC5216F43860018779E /* KLAnimationAlert.m in Sources */,
				0066D03820C5467F00EBD1A9 /* UIView+KLLayer.m in Sources */,
				00DD1AA520EA1CE10057E030 /* KLAlertController.m in Sources */,
				004110EA217DCCBB0050E647 /* KLNetWorking.m in Sources */,
				003119BA206CDF5B00D5FC58 /* UIButton+Layout.m in Sources */,
				003119B4206CC51200D5FC58 /* UIControl+Category.m in Sources */,
				00F2557A20FD803C003D2E84 /* KLPhotoTool.m in Sources */,
				0066D03E20C54DAC00EBD1A9 /* LL_AdvertScrollView.m in Sources */,
				00D509BF2186FED70000A7E0 /* CoreAnimateTest.m in Sources */,
				00786E6720DCF62300495592 /* KLDrawView.m in Sources */,
				004110EE217DCDB20050E647 /* KLURLRequest.m in Sources */,
				00545E6520CE54C900064686 /* UIImage+Category.m in Sources */,
			);
			runOnlyForDeploymentPostprocessing = 0;
		};
		7439F2772238A12B00E1B41D /* Sources */ = {
			isa = PBXSourcesBuildPhase;
			buildActionMask = 2147483647;
			files = (
				7439F27E2238A12B00E1B41D /* ToolDemoTests.m in Sources */,
			);
			runOnlyForDeploymentPostprocessing = 0;
		};
/* End PBXSourcesBuildPhase section */

/* Begin PBXTargetDependency section */
		7439F2812238A12B00E1B41D /* PBXTargetDependency */ = {
			isa = PBXTargetDependency;
			target = 00311998206CC4A400D5FC58 /* ToolDemo */;
			targetProxy = 7439F2802238A12B00E1B41D /* PBXContainerItemProxy */;
		};
/* End PBXTargetDependency section */

/* Begin PBXVariantGroup section */
		003119A2206CC4A400D5FC58 /* Main.storyboard */ = {
			isa = PBXVariantGroup;
			children = (
				003119A3206CC4A400D5FC58 /* Base */,
			);
			name = Main.storyboard;
			sourceTree = "<group>";
		};
		003119A7206CC4A400D5FC58 /* LaunchScreen.storyboard */ = {
			isa = PBXVariantGroup;
			children = (
				003119A8206CC4A400D5FC58 /* Base */,
			);
			name = LaunchScreen.storyboard;
			sourceTree = "<group>";
		};
/* End PBXVariantGroup section */

/* Begin XCBuildConfiguration section */
		003119AD206CC4A400D5FC58 /* Debug */ = {
			isa = XCBuildConfiguration;
			buildSettings = {
				ALWAYS_SEARCH_USER_PATHS = NO;
				CLANG_ANALYZER_NONNULL = YES;
				CLANG_ANALYZER_NUMBER_OBJECT_CONVERSION = YES_AGGRESSIVE;
				CLANG_CXX_LANGUAGE_STANDARD = "gnu++14";
				CLANG_CXX_LIBRARY = "libc++";
				CLANG_ENABLE_MODULES = YES;
				CLANG_ENABLE_OBJC_ARC = YES;
				CLANG_WARN_BLOCK_CAPTURE_AUTORELEASING = YES;
				CLANG_WARN_BOOL_CONVERSION = YES;
				CLANG_WARN_COMMA = YES;
				CLANG_WARN_CONSTANT_CONVERSION = YES;
				CLANG_WARN_DIRECT_OBJC_ISA_USAGE = YES_ERROR;
				CLANG_WARN_DOCUMENTATION_COMMENTS = YES;
				CLANG_WARN_EMPTY_BODY = YES;
				CLANG_WARN_ENUM_CONVERSION = YES;
				CLANG_WARN_INFINITE_RECURSION = YES;
				CLANG_WARN_INT_CONVERSION = YES;
				CLANG_WARN_NON_LITERAL_NULL_CONVERSION = YES;
				CLANG_WARN_OBJC_LITERAL_CONVERSION = YES;
				CLANG_WARN_OBJC_ROOT_CLASS = YES_ERROR;
				CLANG_WARN_RANGE_LOOP_ANALYSIS = YES;
				CLANG_WARN_STRICT_PROTOTYPES = YES;
				CLANG_WARN_SUSPICIOUS_MOVE = YES;
				CLANG_WARN_UNGUARDED_AVAILABILITY = YES_AGGRESSIVE;
				CLANG_WARN_UNREACHABLE_CODE = YES;
				CLANG_WARN__DUPLICATE_METHOD_MATCH = YES;
				CODE_SIGN_IDENTITY = "iPhone Developer";
				COPY_PHASE_STRIP = NO;
				DEBUG_INFORMATION_FORMAT = dwarf;
				ENABLE_STRICT_OBJC_MSGSEND = YES;
				ENABLE_TESTABILITY = YES;
				GCC_C_LANGUAGE_STANDARD = gnu11;
				GCC_DYNAMIC_NO_PIC = NO;
				GCC_NO_COMMON_BLOCKS = YES;
				GCC_OPTIMIZATION_LEVEL = 0;
				GCC_PREPROCESSOR_DEFINITIONS = (
					"DEBUG=1",
					"$(inherited)",
				);
				GCC_WARN_64_TO_32_BIT_CONVERSION = YES;
				GCC_WARN_ABOUT_RETURN_TYPE = YES_ERROR;
				GCC_WARN_UNDECLARED_SELECTOR = YES;
				GCC_WARN_UNINITIALIZED_AUTOS = YES_AGGRESSIVE;
				GCC_WARN_UNUSED_FUNCTION = YES;
				GCC_WARN_UNUSED_VARIABLE = YES;
				IPHONEOS_DEPLOYMENT_TARGET = 11.2;
				MTL_ENABLE_DEBUG_INFO = YES;
				ONLY_ACTIVE_ARCH = YES;
				SDKROOT = iphoneos;
			};
			name = Debug;
		};
		003119AE206CC4A400D5FC58 /* Release */ = {
			isa = XCBuildConfiguration;
			buildSettings = {
				ALWAYS_SEARCH_USER_PATHS = NO;
				CLANG_ANALYZER_NONNULL = YES;
				CLANG_ANALYZER_NUMBER_OBJECT_CONVERSION = YES_AGGRESSIVE;
				CLANG_CXX_LANGUAGE_STANDARD = "gnu++14";
				CLANG_CXX_LIBRARY = "libc++";
				CLANG_ENABLE_MODULES = YES;
				CLANG_ENABLE_OBJC_ARC = YES;
				CLANG_WARN_BLOCK_CAPTURE_AUTORELEASING = YES;
				CLANG_WARN_BOOL_CONVERSION = YES;
				CLANG_WARN_COMMA = YES;
				CLANG_WARN_CONSTANT_CONVERSION = YES;
				CLANG_WARN_DIRECT_OBJC_ISA_USAGE = YES_ERROR;
				CLANG_WARN_DOCUMENTATION_COMMENTS = YES;
				CLANG_WARN_EMPTY_BODY = YES;
				CLANG_WARN_ENUM_CONVERSION = YES;
				CLANG_WARN_INFINITE_RECURSION = YES;
				CLANG_WARN_INT_CONVERSION = YES;
				CLANG_WARN_NON_LITERAL_NULL_CONVERSION = YES;
				CLANG_WARN_OBJC_LITERAL_CONVERSION = YES;
				CLANG_WARN_OBJC_ROOT_CLASS = YES_ERROR;
				CLANG_WARN_RANGE_LOOP_ANALYSIS = YES;
				CLANG_WARN_STRICT_PROTOTYPES = YES;
				CLANG_WARN_SUSPICIOUS_MOVE = YES;
				CLANG_WARN_UNGUARDED_AVAILABILITY = YES_AGGRESSIVE;
				CLANG_WARN_UNREACHABLE_CODE = YES;
				CLANG_WARN__DUPLICATE_METHOD_MATCH = YES;
				CODE_SIGN_IDENTITY = "iPhone Developer";
				COPY_PHASE_STRIP = NO;
				DEBUG_INFORMATION_FORMAT = "dwarf-with-dsym";
				ENABLE_NS_ASSERTIONS = NO;
				ENABLE_STRICT_OBJC_MSGSEND = YES;
				GCC_C_LANGUAGE_STANDARD = gnu11;
				GCC_NO_COMMON_BLOCKS = YES;
				GCC_WARN_64_TO_32_BIT_CONVERSION = YES;
				GCC_WARN_ABOUT_RETURN_TYPE = YES_ERROR;
				GCC_WARN_UNDECLARED_SELECTOR = YES;
				GCC_WARN_UNINITIALIZED_AUTOS = YES_AGGRESSIVE;
				GCC_WARN_UNUSED_FUNCTION = YES;
				GCC_WARN_UNUSED_VARIABLE = YES;
				IPHONEOS_DEPLOYMENT_TARGET = 11.2;
				MTL_ENABLE_DEBUG_INFO = NO;
				SDKROOT = iphoneos;
				VALIDATE_PRODUCT = YES;
			};
			name = Release;
		};
		003119B0206CC4A400D5FC58 /* Debug */ = {
			isa = XCBuildConfiguration;
			baseConfigurationReference = DACA40E76ECA94BDFD397464 /* Pods-ToolDemo.debug.xcconfig */;
			buildSettings = {
				ASSETCATALOG_COMPILER_APPICON_NAME = AppIcon;
				CODE_SIGN_STYLE = Automatic;
				DEVELOPMENT_TEAM = 9C4NB6B62P;
				INFOPLIST_FILE = ToolDemo/Info.plist;
				IPHONEOS_DEPLOYMENT_TARGET = 8.0;
				LD_RUNPATH_SEARCH_PATHS = "$(inherited) @executable_path/Frameworks";
				PRODUCT_BUNDLE_IDENTIFIER = zkl.SwiftDemo.ToolDemo;
				PRODUCT_NAME = "$(TARGET_NAME)";
				TARGETED_DEVICE_FAMILY = 1;
			};
			name = Debug;
		};
		003119B1206CC4A400D5FC58 /* Release */ = {
			isa = XCBuildConfiguration;
			baseConfigurationReference = 5BD7D31BFCAD4BE79A5FC57F /* Pods-ToolDemo.release.xcconfig */;
			buildSettings = {
				ASSETCATALOG_COMPILER_APPICON_NAME = AppIcon;
				CODE_SIGN_STYLE = Automatic;
				DEVELOPMENT_TEAM = 9C4NB6B62P;
				INFOPLIST_FILE = ToolDemo/Info.plist;
				IPHONEOS_DEPLOYMENT_TARGET = 8.0;
				LD_RUNPATH_SEARCH_PATHS = "$(inherited) @executable_path/Frameworks";
				PRODUCT_BUNDLE_IDENTIFIER = zkl.SwiftDemo.ToolDemo;
				PRODUCT_NAME = "$(TARGET_NAME)";
				TARGETED_DEVICE_FAMILY = 1;
			};
			name = Release;
		};
		7439F2822238A12B00E1B41D /* Debug */ = {
			isa = XCBuildConfiguration;
			buildSettings = {
				BUNDLE_LOADER = "$(TEST_HOST)";
				CLANG_ENABLE_OBJC_WEAK = YES;
				CLANG_WARN_DEPRECATED_OBJC_IMPLEMENTATIONS = YES;
				CLANG_WARN_OBJC_IMPLICIT_RETAIN_SELF = YES;
				CODE_SIGN_STYLE = Automatic;
				INFOPLIST_FILE = ToolDemoTests/Info.plist;
				IPHONEOS_DEPLOYMENT_TARGET = 12.1;
				LD_RUNPATH_SEARCH_PATHS = "$(inherited) @executable_path/Frameworks @loader_path/Frameworks";
				MTL_ENABLE_DEBUG_INFO = INCLUDE_SOURCE;
				MTL_FAST_MATH = YES;
				PRODUCT_BUNDLE_IDENTIFIER = zkl.ToolDemoTests;
				PRODUCT_NAME = "$(TARGET_NAME)";
				TARGETED_DEVICE_FAMILY = "1,2";
				TEST_HOST = "$(BUILT_PRODUCTS_DIR)/ToolDemo.app/ToolDemo";
			};
			name = Debug;
		};
		7439F2832238A12B00E1B41D /* Release */ = {
			isa = XCBuildConfiguration;
			buildSettings = {
				BUNDLE_LOADER = "$(TEST_HOST)";
				CLANG_ENABLE_OBJC_WEAK = YES;
				CLANG_WARN_DEPRECATED_OBJC_IMPLEMENTATIONS = YES;
				CLANG_WARN_OBJC_IMPLICIT_RETAIN_SELF = YES;
				CODE_SIGN_STYLE = Automatic;
				INFOPLIST_FILE = ToolDemoTests/Info.plist;
				IPHONEOS_DEPLOYMENT_TARGET = 12.1;
				LD_RUNPATH_SEARCH_PATHS = "$(inherited) @executable_path/Frameworks @loader_path/Frameworks";
				MTL_FAST_MATH = YES;
				PRODUCT_BUNDLE_IDENTIFIER = zkl.ToolDemoTests;
				PRODUCT_NAME = "$(TARGET_NAME)";
				TARGETED_DEVICE_FAMILY = "1,2";
				TEST_HOST = "$(BUILT_PRODUCTS_DIR)/ToolDemo.app/ToolDemo";
			};
			name = Release;
		};
/* End XCBuildConfiguration section */

/* Begin XCConfigurationList section */
		00311994206CC4A400D5FC58 /* Build configuration list for PBXProject "ToolDemo" */ = {
			isa = XCConfigurationList;
			buildConfigurations = (
				003119AD206CC4A400D5FC58 /* Debug */,
				003119AE206CC4A400D5FC58 /* Release */,
			);
			defaultConfigurationIsVisible = 0;
			defaultConfigurationName = Release;
		};
		003119AF206CC4A400D5FC58 /* Build configuration list for PBXNativeTarget "ToolDemo" */ = {
			isa = XCConfigurationList;
			buildConfigurations = (
				003119B0206CC4A400D5FC58 /* Debug */,
				003119B1206CC4A400D5FC58 /* Release */,
			);
			defaultConfigurationIsVisible = 0;
			defaultConfigurationName = Release;
		};
		7439F2842238A12B00E1B41D /* Build configuration list for PBXNativeTarget "ToolDemoTests" */ = {
			isa = XCConfigurationList;
			buildConfigurations = (
				7439F2822238A12B00E1B41D /* Debug */,
				7439F2832238A12B00E1B41D /* Release */,
			);
			defaultConfigurationIsVisible = 0;
			defaultConfigurationName = Release;
		};
/* End XCConfigurationList section */
	};
	rootObject = 00311991206CC4A400D5FC58 /* Project object */;
}
