// !$*UTF8*$!
{
	archiveVersion = 1;
	classes = {
	};
	objectVersion = 48;
	objects = {

/* Begin PBXBuildFile section */
		0031199E206CC4A400D5FC58 /* AppDelegate.m in Sources */ = {isa = PBXBuildFile; fileRef = 0031199D206CC4A400D5FC58 /* AppDelegate.m */; };
		003119A1206CC4A400D5FC58 /* ViewController.m in Sources */ = {isa = PBXBuildFile; fileRef = 003119A0206CC4A400D5FC58 /* ViewController.m */; };
		003119A4206CC4A400D5FC58 /* Main.storyboard in Resources */ = {isa = PBXBuildFile; fileRef = 003119A2206CC4A400D5FC58 /* Main.storyboard */; };
		003119A6206CC4A400D5FC58 /* Assets.xcassets in Resources */ = {isa = PBXBuildFile; fileRef = 003119A5206CC4A400D5FC58 /* Assets.xcassets */; };
		003119A9206CC4A400D5FC58 /* LaunchScreen.storyboard in Resources */ = {isa = PBXBuildFile; fileRef = 003119A7206CC4A400D5FC58 /* LaunchScreen.storyboard */; };
		003119AC206CC4A400D5FC58 /* main.m in Sources */ = {isa = PBXBuildFile; fileRef = 003119AB206CC4A400D5FC58 /* main.m */; };
		003119B4206CC51200D5FC58 /* UIControl+Category.m in Sources */ = {isa = PBXBuildFile; fileRef = 003119B3206CC51200D5FC58 /* UIControl+Category.m */; };
		003119BA206CDF5B00D5FC58 /* UIButton+Layout.m in Sources */ = {isa = PBXBuildFile; fileRef = 003119B9206CDF5B00D5FC58 /* UIButton+Layout.m */; };
		003119BD206CE28700D5FC58 /* icon-service@2x.png in Resources */ = {isa = PBXBuildFile; fileRef = 003119BB206CE28700D5FC58 /* icon-service@2x.png */; };
		003119BE206CE28700D5FC58 /* icon-service@3x.png in Resources */ = {isa = PBXBuildFile; fileRef = 003119BC206CE28700D5FC58 /* icon-service@3x.png */; };
		00545E6520CE54C900064686 /* UIImage+Category.m in Sources */ = {isa = PBXBuildFile; fileRef = 00545E6320CE54C900064686 /* UIImage+Category.m */; };
		00545E6720CE569800064686 /* 01.jpg in Resources */ = {isa = PBXBuildFile; fileRef = 00545E6620CE569700064686 /* 01.jpg */; };
		0066D03820C5467F00EBD1A9 /* UIView+KLLayer.m in Sources */ = {isa = PBXBuildFile; fileRef = 0066D03620C5467F00EBD1A9 /* UIView+KLLayer.m */; };
		0066D03D20C54DAC00EBD1A9 /* KLAdvertView.m in Sources */ = {isa = PBXBuildFile; fileRef = 0066D03920C54DAC00EBD1A9 /* KLAdvertView.m */; };
		0066D03E20C54DAC00EBD1A9 /* LL_AdvertScrollView.m in Sources */ = {isa = PBXBuildFile; fileRef = 0066D03C20C54DAC00EBD1A9 /* LL_AdvertScrollView.m */; };
		00AC757A20CA23A30000C2B0 /* KLBrowerTestViewController.m in Sources */ = {isa = PBXBuildFile; fileRef = 00AC757920CA23A30000C2B0 /* KLBrowerTestViewController.m */; };
		00AC758620CA25140000C2B0 /* localBigImage0.jpeg in Resources */ = {isa = PBXBuildFile; fileRef = 00AC757C20CA25140000C2B0 /* localBigImage0.jpeg */; };
		00AC758720CA25140000C2B0 /* localImage1.jpeg in Resources */ = {isa = PBXBuildFile; fileRef = 00AC757D20CA25140000C2B0 /* localImage1.jpeg */; };
		00AC758820CA25140000C2B0 /* localImage0.jpeg in Resources */ = {isa = PBXBuildFile; fileRef = 00AC757E20CA25140000C2B0 /* localImage0.jpeg */; };
		00AC758920CA25140000C2B0 /* localImage7.jpeg in Resources */ = {isa = PBXBuildFile; fileRef = 00AC757F20CA25140000C2B0 /* localImage7.jpeg */; };
		00AC758A20CA25140000C2B0 /* localImage6.jpeg in Resources */ = {isa = PBXBuildFile; fileRef = 00AC758020CA25140000C2B0 /* localImage6.jpeg */; };
		00AC758B20CA25140000C2B0 /* localImage5.jpeg in Resources */ = {isa = PBXBuildFile; fileRef = 00AC758120CA25140000C2B0 /* localImage5.jpeg */; };
		00AC758C20CA25140000C2B0 /* localImage4.jpeg in Resources */ = {isa = PBXBuildFile; fileRef = 00AC758220CA25140000C2B0 /* localImage4.jpeg */; };
		00AC758D20CA25140000C2B0 /* localImage8.jpeg in Resources */ = {isa = PBXBuildFile; fileRef = 00AC758320CA25140000C2B0 /* localImage8.jpeg */; };
		00AC758E20CA25140000C2B0 /* localImage3.jpeg in Resources */ = {isa = PBXBuildFile; fileRef = 00AC758420CA25140000C2B0 /* localImage3.jpeg */; };
		00AC758F20CA25140000C2B0 /* localImage2.jpeg in Resources */ = {isa = PBXBuildFile; fileRef = 00AC758520CA25140000C2B0 /* localImage2.jpeg */; };
		00AC759320CA31570000C2B0 /* KLImageBrowserVC.m in Sources */ = {isa = PBXBuildFile; fileRef = 00AC759220CA31570000C2B0 /* KLImageBrowserVC.m */; };
		00AC759620CA37B80000C2B0 /* KLImageBrowserModel.m in Sources */ = {isa = PBXBuildFile; fileRef = 00AC759520CA37B80000C2B0 /* KLImageBrowserModel.m */; };
		00AC759920CA38580000C2B0 /* KLImageBrowserView.m in Sources */ = {isa = PBXBuildFile; fileRef = 00AC759820CA38580000C2B0 /* KLImageBrowserView.m */; };
		00AC759C20CA586A0000C2B0 /* KLImageBrowserDownloader.m in Sources */ = {isa = PBXBuildFile; fileRef = 00AC759B20CA586A0000C2B0 /* KLImageBrowserDownloader.m */; };
		00AC759F20CA61220000C2B0 /* KLImageBrowserUtilities.m in Sources */ = {isa = PBXBuildFile; fileRef = 00AC759E20CA61220000C2B0 /* KLImageBrowserUtilities.m */; };
		B695C5DA2C2CDC2351C65917 /* libPods-ToolDemo.a in Frameworks */ = {isa = PBXBuildFile; fileRef = CF2080334BA0FF7607229973 /* libPods-ToolDemo.a */; };
/* End PBXBuildFile section */

/* Begin PBXFileReference section */
		00311999206CC4A400D5FC58 /* ToolDemo.app */ = {isa = PBXFileReference; explicitFileType = wrapper.application; includeInIndex = 0; path = ToolDemo.app; sourceTree = BUILT_PRODUCTS_DIR; };
		0031199C206CC4A400D5FC58 /* AppDelegate.h */ = {isa = PBXFileReference; lastKnownFileType = sourcecode.c.h; path = AppDelegate.h; sourceTree = "<group>"; };
		0031199D206CC4A400D5FC58 /* AppDelegate.m */ = {isa = PBXFileReference; lastKnownFileType = sourcecode.c.objc; path = AppDelegate.m; sourceTree = "<group>"; };
		0031199F206CC4A400D5FC58 /* ViewController.h */ = {isa = PBXFileReference; lastKnownFileType = sourcecode.c.h; path = ViewController.h; sourceTree = "<group>"; };
		003119A0206CC4A400D5FC58 /* ViewController.m */ = {isa = PBXFileReference; lastKnownFileType = sourcecode.c.objc; path = ViewController.m; sourceTree = "<group>"; };
		003119A3206CC4A400D5FC58 /* Base */ = {isa = PBXFileReference; lastKnownFileType = file.storyboard; name = Base; path = Base.lproj/Main.storyboard; sourceTree = "<group>"; };
		003119A5206CC4A400D5FC58 /* Assets.xcassets */ = {isa = PBXFileReference; lastKnownFileType = folder.assetcatalog; path = Assets.xcassets; sourceTree = "<group>"; };
		003119A8206CC4A400D5FC58 /* Base */ = {isa = PBXFileReference; lastKnownFileType = file.storyboard; name = Base; path = Base.lproj/LaunchScreen.storyboard; sourceTree = "<group>"; };
		003119AA206CC4A400D5FC58 /* Info.plist */ = {isa = PBXFileReference; lastKnownFileType = text.plist.xml; path = Info.plist; sourceTree = "<group>"; };
		003119AB206CC4A400D5FC58 /* main.m */ = {isa = PBXFileReference; lastKnownFileType = sourcecode.c.objc; path = main.m; sourceTree = "<group>"; };
		003119B2206CC51200D5FC58 /* UIControl+Category.h */ = {isa = PBXFileReference; lastKnownFileType = sourcecode.c.h; path = "UIControl+Category.h"; sourceTree = "<group>"; };
		003119B3206CC51200D5FC58 /* UIControl+Category.m */ = {isa = PBXFileReference; lastKnownFileType = sourcecode.c.objc; path = "UIControl+Category.m"; sourceTree = "<group>"; };
		003119B8206CDF5B00D5FC58 /* UIButton+Layout.h */ = {isa = PBXFileReference; lastKnownFileType = sourcecode.c.h; path = "UIButton+Layout.h"; sourceTree = "<group>"; };
		003119B9206CDF5B00D5FC58 /* UIButton+Layout.m */ = {isa = PBXFileReference; lastKnownFileType = sourcecode.c.objc; path = "UIButton+Layout.m"; sourceTree = "<group>"; };
		003119BB206CE28700D5FC58 /* icon-service@2x.png */ = {isa = PBXFileReference; lastKnownFileType = image.png; path = "icon-service@2x.png"; sourceTree = "<group>"; };
		003119BC206CE28700D5FC58 /* icon-service@3x.png */ = {isa = PBXFileReference; lastKnownFileType = image.png; path = "icon-service@3x.png"; sourceTree = "<group>"; };
		00545E6320CE54C900064686 /* UIImage+Category.m */ = {isa = PBXFileReference; fileEncoding = 4; lastKnownFileType = sourcecode.c.objc; path = "UIImage+Category.m"; sourceTree = "<group>"; };
		00545E6420CE54C900064686 /* UIImage+Category.h */ = {isa = PBXFileReference; fileEncoding = 4; lastKnownFileType = sourcecode.c.h; path = "UIImage+Category.h"; sourceTree = "<group>"; };
		00545E6620CE569700064686 /* 01.jpg */ = {isa = PBXFileReference; lastKnownFileType = image.jpeg; path = 01.jpg; sourceTree = "<group>"; };
		0066D03620C5467F00EBD1A9 /* UIView+KLLayer.m */ = {isa = PBXFileReference; fileEncoding = 4; lastKnownFileType = sourcecode.c.objc; path = "UIView+KLLayer.m"; sourceTree = "<group>"; };
		0066D03720C5467F00EBD1A9 /* UIView+KLLayer.h */ = {isa = PBXFileReference; fileEncoding = 4; lastKnownFileType = sourcecode.c.h; path = "UIView+KLLayer.h"; sourceTree = "<group>"; };
		0066D03920C54DAC00EBD1A9 /* KLAdvertView.m */ = {isa = PBXFileReference; fileEncoding = 4; lastKnownFileType = sourcecode.c.objc; path = KLAdvertView.m; sourceTree = "<group>"; };
		0066D03A20C54DAC00EBD1A9 /* KLAdvertView.h */ = {isa = PBXFileReference; fileEncoding = 4; lastKnownFileType = sourcecode.c.h; path = KLAdvertView.h; sourceTree = "<group>"; };
		0066D03B20C54DAC00EBD1A9 /* LL_AdvertScrollView.h */ = {isa = PBXFileReference; fileEncoding = 4; lastKnownFileType = sourcecode.c.h; path = LL_AdvertScrollView.h; sourceTree = "<group>"; };
		0066D03C20C54DAC00EBD1A9 /* LL_AdvertScrollView.m */ = {isa = PBXFileReference; fileEncoding = 4; lastKnownFileType = sourcecode.c.objc; path = LL_AdvertScrollView.m; sourceTree = "<group>"; };
		00AC757820CA23A30000C2B0 /* KLBrowerTestViewController.h */ = {isa = PBXFileReference; lastKnownFileType = sourcecode.c.h; path = KLBrowerTestViewController.h; sourceTree = "<group>"; };
		00AC757920CA23A30000C2B0 /* KLBrowerTestViewController.m */ = {isa = PBXFileReference; lastKnownFileType = sourcecode.c.objc; path = KLBrowerTestViewController.m; sourceTree = "<group>"; };
		00AC757C20CA25140000C2B0 /* localBigImage0.jpeg */ = {isa = PBXFileReference; lastKnownFileType = image.jpeg; path = localBigImage0.jpeg; sourceTree = "<group>"; };
		00AC757D20CA25140000C2B0 /* localImage1.jpeg */ = {isa = PBXFileReference; lastKnownFileType = image.jpeg; path = localImage1.jpeg; sourceTree = "<group>"; };
		00AC757E20CA25140000C2B0 /* localImage0.jpeg */ = {isa = PBXFileReference; lastKnownFileType = image.jpeg; path = localImage0.jpeg; sourceTree = "<group>"; };
		00AC757F20CA25140000C2B0 /* localImage7.jpeg */ = {isa = PBXFileReference; lastKnownFileType = image.jpeg; path = localImage7.jpeg; sourceTree = "<group>"; };
		00AC758020CA25140000C2B0 /* localImage6.jpeg */ = {isa = PBXFileReference; lastKnownFileType = image.jpeg; path = localImage6.jpeg; sourceTree = "<group>"; };
		00AC758120CA25140000C2B0 /* localImage5.jpeg */ = {isa = PBXFileReference; lastKnownFileType = image.jpeg; path = localImage5.jpeg; sourceTree = "<group>"; };
		00AC758220CA25140000C2B0 /* localImage4.jpeg */ = {isa = PBXFileReference; lastKnownFileType = image.jpeg; path = localImage4.jpeg; sourceTree = "<group>"; };
		00AC758320CA25140000C2B0 /* localImage8.jpeg */ = {isa = PBXFileReference; lastKnownFileType = image.jpeg; path = localImage8.jpeg; sourceTree = "<group>"; };
		00AC758420CA25140000C2B0 /* localImage3.jpeg */ = {isa = PBXFileReference; lastKnownFileType = image.jpeg; path = localImage3.jpeg; sourceTree = "<group>"; };
		00AC758520CA25140000C2B0 /* localImage2.jpeg */ = {isa = PBXFileReference; lastKnownFileType = image.jpeg; path = localImage2.jpeg; sourceTree = "<group>"; };
		00AC759120CA31570000C2B0 /* KLImageBrowserVC.h */ = {isa = PBXFileReference; lastKnownFileType = sourcecode.c.h; path = KLImageBrowserVC.h; sourceTree = "<group>"; };
		00AC759220CA31570000C2B0 /* KLImageBrowserVC.m */ = {isa = PBXFileReference; lastKnownFileType = sourcecode.c.objc; path = KLImageBrowserVC.m; sourceTree = "<group>"; };
		00AC759420CA37B80000C2B0 /* KLImageBrowserModel.h */ = {isa = PBXFileReference; lastKnownFileType = sourcecode.c.h; path = KLImageBrowserModel.h; sourceTree = "<group>"; };
		00AC759520CA37B80000C2B0 /* KLImageBrowserModel.m */ = {isa = PBXFileReference; lastKnownFileType = sourcecode.c.objc; path = KLImageBrowserModel.m; sourceTree = "<group>"; };
		00AC759720CA38580000C2B0 /* KLImageBrowserView.h */ = {isa = PBXFileReference; lastKnownFileType = sourcecode.c.h; path = KLImageBrowserView.h; sourceTree = "<group>"; };
		00AC759820CA38580000C2B0 /* KLImageBrowserView.m */ = {isa = PBXFileReference; lastKnownFileType = sourcecode.c.objc; path = KLImageBrowserView.m; sourceTree = "<group>"; };
		00AC759A20CA586A0000C2B0 /* KLImageBrowserDownloader.h */ = {isa = PBXFileReference; lastKnownFileType = sourcecode.c.h; path = KLImageBrowserDownloader.h; sourceTree = "<group>"; };
		00AC759B20CA586A0000C2B0 /* KLImageBrowserDownloader.m */ = {isa = PBXFileReference; lastKnownFileType = sourcecode.c.objc; path = KLImageBrowserDownloader.m; sourceTree = "<group>"; };
		00AC759D20CA61220000C2B0 /* KLImageBrowserUtilities.h */ = {isa = PBXFileReference; lastKnownFileType = sourcecode.c.h; path = KLImageBrowserUtilities.h; sourceTree = "<group>"; };
		00AC759E20CA61220000C2B0 /* KLImageBrowserUtilities.m */ = {isa = PBXFileReference; lastKnownFileType = sourcecode.c.objc; path = KLImageBrowserUtilities.m; sourceTree = "<group>"; };
		5BD7D31BFCAD4BE79A5FC57F /* Pods-ToolDemo.release.xcconfig */ = {isa = PBXFileReference; includeInIndex = 1; lastKnownFileType = text.xcconfig; name = "Pods-ToolDemo.release.xcconfig"; path = "Pods/Target Support Files/Pods-ToolDemo/Pods-ToolDemo.release.xcconfig"; sourceTree = "<group>"; };
		CF2080334BA0FF7607229973 /* libPods-ToolDemo.a */ = {isa = PBXFileReference; explicitFileType = archive.ar; includeInIndex = 0; path = "libPods-ToolDemo.a"; sourceTree = BUILT_PRODUCTS_DIR; };
		DACA40E76ECA94BDFD397464 /* Pods-ToolDemo.debug.xcconfig */ = {isa = PBXFileReference; includeInIndex = 1; lastKnownFileType = text.xcconfig; name = "Pods-ToolDemo.debug.xcconfig"; path = "Pods/Target Support Files/Pods-ToolDemo/Pods-ToolDemo.debug.xcconfig"; sourceTree = "<group>"; };
/* End PBXFileReference section */

/* Begin PBXFrameworksBuildPhase section */
		00311996206CC4A400D5FC58 /* Frameworks */ = {
			isa = PBXFrameworksBuildPhase;
			buildActionMask = 2147483647;
			files = (
				B695C5DA2C2CDC2351C65917 /* libPods-ToolDemo.a in Frameworks */,
			);
			runOnlyForDeploymentPostprocessing = 0;
		};
/* End PBXFrameworksBuildPhase section */

/* Begin PBXGroup section */
		00311990206CC4A400D5FC58 = {
			isa = PBXGroup;
			children = (
				0031199B206CC4A400D5FC58 /* ToolDemo */,
				0031199A206CC4A400D5FC58 /* Products */,
				08B35164274769DCD689297A /* Pods */,
				D63ABB344F002F797A424814 /* Frameworks */,
			);
			sourceTree = "<group>";
		};
		0031199A206CC4A400D5FC58 /* Products */ = {
			isa = PBXGroup;
			children = (
				00311999206CC4A400D5FC58 /* ToolDemo.app */,
			);
			name = Products;
			sourceTree = "<group>";
		};
		0031199B206CC4A400D5FC58 /* ToolDemo */ = {
			isa = PBXGroup;
			children = (
				00545E6620CE569700064686 /* 01.jpg */,
				003119BB206CE28700D5FC58 /* icon-service@2x.png */,
				003119BC206CE28700D5FC58 /* icon-service@3x.png */,
				0031199C206CC4A400D5FC58 /* AppDelegate.h */,
				0031199D206CC4A400D5FC58 /* AppDelegate.m */,
				0031199F206CC4A400D5FC58 /* ViewController.h */,
				003119A0206CC4A400D5FC58 /* ViewController.m */,
				0066D03720C5467F00EBD1A9 /* UIView+KLLayer.h */,
				0066D03620C5467F00EBD1A9 /* UIView+KLLayer.m */,
				003119B2206CC51200D5FC58 /* UIControl+Category.h */,
				003119B3206CC51200D5FC58 /* UIControl+Category.m */,
				003119B8206CDF5B00D5FC58 /* UIButton+Layout.h */,
				003119B9206CDF5B00D5FC58 /* UIButton+Layout.m */,
				0066D03A20C54DAC00EBD1A9 /* KLAdvertView.h */,
				0066D03920C54DAC00EBD1A9 /* KLAdvertView.m */,
				0066D03B20C54DAC00EBD1A9 /* LL_AdvertScrollView.h */,
				0066D03C20C54DAC00EBD1A9 /* LL_AdvertScrollView.m */,
				00545E6420CE54C900064686 /* UIImage+Category.h */,
				00545E6320CE54C900064686 /* UIImage+Category.m */,
				00AC759020CA313F0000C2B0 /* KLImageBrower */,
				00AC757820CA23A30000C2B0 /* KLBrowerTestViewController.h */,
				00AC757920CA23A30000C2B0 /* KLBrowerTestViewController.m */,
				003119A2206CC4A400D5FC58 /* Main.storyboard */,
				003119A5206CC4A400D5FC58 /* Assets.xcassets */,
				003119A7206CC4A400D5FC58 /* LaunchScreen.storyboard */,
				003119AA206CC4A400D5FC58 /* Info.plist */,
				003119AB206CC4A400D5FC58 /* main.m */,
				00AC757B20CA25140000C2B0 /* LocalImages */,
			);
			path = ToolDemo;
			sourceTree = "<group>";
		};
		00AC757B20CA25140000C2B0 /* LocalImages */ = {
			isa = PBXGroup;
			children = (
				00AC757C20CA25140000C2B0 /* localBigImage0.jpeg */,
				00AC757D20CA25140000C2B0 /* localImage1.jpeg */,
				00AC757E20CA25140000C2B0 /* localImage0.jpeg */,
				00AC757F20CA25140000C2B0 /* localImage7.jpeg */,
				00AC758020CA25140000C2B0 /* localImage6.jpeg */,
				00AC758120CA25140000C2B0 /* localImage5.jpeg */,
				00AC758220CA25140000C2B0 /* localImage4.jpeg */,
				00AC758320CA25140000C2B0 /* localImage8.jpeg */,
				00AC758420CA25140000C2B0 /* localImage3.jpeg */,
				00AC758520CA25140000C2B0 /* localImage2.jpeg */,
			);
			path = LocalImages;
			sourceTree = "<group>";
		};
		00AC759020CA313F0000C2B0 /* KLImageBrower */ = {
			isa = PBXGroup;
			children = (
				00AC759A20CA586A0000C2B0 /* KLImageBrowserDownloader.h */,
				00AC759B20CA586A0000C2B0 /* KLImageBrowserDownloader.m */,
				00AC759D20CA61220000C2B0 /* KLImageBrowserUtilities.h */,
				00AC759E20CA61220000C2B0 /* KLImageBrowserUtilities.m */,
				00AC759420CA37B80000C2B0 /* KLImageBrowserModel.h */,
				00AC759520CA37B80000C2B0 /* KLImageBrowserModel.m */,
				00AC759720CA38580000C2B0 /* KLImageBrowserView.h */,
				00AC759820CA38580000C2B0 /* KLImageBrowserView.m */,
				00AC759120CA31570000C2B0 /* KLImageBrowserVC.h */,
				00AC759220CA31570000C2B0 /* KLImageBrowserVC.m */,
			);
			path = KLImageBrower;
			sourceTree = "<group>";
		};
		08B35164274769DCD689297A /* Pods */ = {
			isa = PBXGroup;
			children = (
				DACA40E76ECA94BDFD397464 /* Pods-ToolDemo.debug.xcconfig */,
				5BD7D31BFCAD4BE79A5FC57F /* Pods-ToolDemo.release.xcconfig */,
			);
			name = Pods;
			sourceTree = "<group>";
		};
		D63ABB344F002F797A424814 /* Frameworks */ = {
			isa = PBXGroup;
			children = (
				CF2080334BA0FF7607229973 /* libPods-ToolDemo.a */,
			);
			name = Frameworks;
			sourceTree = "<group>";
		};
/* End PBXGroup section */

/* Begin PBXNativeTarget section */
		00311998206CC4A400D5FC58 /* ToolDemo */ = {
			isa = PBXNativeTarget;
			buildConfigurationList = 003119AF206CC4A400D5FC58 /* Build configuration list for PBXNativeTarget "ToolDemo" */;
			buildPhases = (
				905332F57A09F1214FA58D6F /* [CP] Check Pods Manifest.lock */,
				00311995206CC4A400D5FC58 /* Sources */,
				00311996206CC4A400D5FC58 /* Frameworks */,
				00311997206CC4A400D5FC58 /* Resources */,
			);
			buildRules = (
			);
			dependencies = (
			);
			name = ToolDemo;
			productName = ToolDemo;
			productReference = 00311999206CC4A400D5FC58 /* ToolDemo.app */;
			productType = "com.apple.product-type.application";
		};
/* End PBXNativeTarget section */

/* Begin PBXProject section */
		00311991206CC4A400D5FC58 /* Project object */ = {
			isa = PBXProject;
			attributes = {
				LastUpgradeCheck = 0920;
				ORGANIZATIONNAME = "赵凯乐";
				TargetAttributes = {
					00311998206CC4A400D5FC58 = {
						CreatedOnToolsVersion = 9.2;
						ProvisioningStyle = Automatic;
					};
				};
			};
			buildConfigurationList = 00311994206CC4A400D5FC58 /* Build configuration list for PBXProject "ToolDemo" */;
			compatibilityVersion = "Xcode 8.0";
			developmentRegion = en;
			hasScannedForEncodings = 0;
			knownRegions = (
				en,
				Base,
			);
			mainGroup = 00311990206CC4A400D5FC58;
			productRefGroup = 0031199A206CC4A400D5FC58 /* Products */;
			projectDirPath = "";
			projectRoot = "";
			targets = (
				00311998206CC4A400D5FC58 /* ToolDemo */,
			);
		};
/* End PBXProject section */

/* Begin PBXResourcesBuildPhase section */
		00311997206CC4A400D5FC58 /* Resources */ = {
			isa = PBXResourcesBuildPhase;
			buildActionMask = 2147483647;
			files = (
				003119A9206CC4A400D5FC58 /* LaunchScreen.storyboard in Resources */,
				00AC758620CA25140000C2B0 /* localBigImage0.jpeg in Resources */,
				00AC758820CA25140000C2B0 /* localImage0.jpeg in Resources */,
				00AC758B20CA25140000C2B0 /* localImage5.jpeg in Resources */,
				00AC758F20CA25140000C2B0 /* localImage2.jpeg in Resources */,
				003119A6206CC4A400D5FC58 /* Assets.xcassets in Resources */,
				00545E6720CE569800064686 /* 01.jpg in Resources */,
				00AC758A20CA25140000C2B0 /* localImage6.jpeg in Resources */,
				00AC758920CA25140000C2B0 /* localImage7.jpeg in Resources */,
				003119BE206CE28700D5FC58 /* icon-service@3x.png in Resources */,
				00AC758D20CA25140000C2B0 /* localImage8.jpeg in Resources */,
				00AC758E20CA25140000C2B0 /* localImage3.jpeg in Resources */,
				003119A4206CC4A400D5FC58 /* Main.storyboard in Resources */,
				003119BD206CE28700D5FC58 /* icon-service@2x.png in Resources */,
				00AC758C20CA25140000C2B0 /* localImage4.jpeg in Resources */,
				00AC758720CA25140000C2B0 /* localImage1.jpeg in Resources */,
			);
			runOnlyForDeploymentPostprocessing = 0;
		};
/* End PBXResourcesBuildPhase section */

/* Begin PBXShellScriptBuildPhase section */
		905332F57A09F1214FA58D6F /* [CP] Check Pods Manifest.lock */ = {
			isa = PBXShellScriptBuildPhase;
			buildActionMask = 2147483647;
			files = (
			);
			inputPaths = (
				"${PODS_PODFILE_DIR_PATH}/Podfile.lock",
				"${PODS_ROOT}/Manifest.lock",
			);
			name = "[CP] Check Pods Manifest.lock";
			outputPaths = (
				"$(DERIVED_FILE_DIR)/Pods-ToolDemo-checkManifestLockResult.txt",
			);
			runOnlyForDeploymentPostprocessing = 0;
			shellPath = /bin/sh;
			shellScript = "diff \"${PODS_PODFILE_DIR_PATH}/Podfile.lock\" \"${PODS_ROOT}/Manifest.lock\" > /dev/null\nif [ $? != 0 ] ; then\n    # print error to STDERR\n    echo \"error: The sandbox is not in sync with the Podfile.lock. Run 'pod install' or update your CocoaPods installation.\" >&2\n    exit 1\nfi\n# This output is used by Xcode 'outputs' to avoid re-running this script phase.\necho \"SUCCESS\" > \"${SCRIPT_OUTPUT_FILE_0}\"\n";
			showEnvVarsInLog = 0;
		};
/* End PBXShellScriptBuildPhase section */

/* Begin PBXSourcesBuildPhase section */
		00311995206CC4A400D5FC58 /* Sources */ = {
			isa = PBXSourcesBuildPhase;
			buildActionMask = 2147483647;
			files = (
				00AC759920CA38580000C2B0 /* KLImageBrowserView.m in Sources */,
				0066D03D20C54DAC00EBD1A9 /* KLAdvertView.m in Sources */,
				00AC759F20CA61220000C2B0 /* KLImageBrowserUtilities.m in Sources */,
				003119A1206CC4A400D5FC58 /* ViewController.m in Sources */,
				003119AC206CC4A400D5FC58 /* main.m in Sources */,
				0031199E206CC4A400D5FC58 /* AppDelegate.m in Sources */,
				0066D03820C5467F00EBD1A9 /* UIView+KLLayer.m in Sources */,
				00AC757A20CA23A30000C2B0 /* KLBrowerTestViewController.m in Sources */,
				003119BA206CDF5B00D5FC58 /* UIButton+Layout.m in Sources */,
				003119B4206CC51200D5FC58 /* UIControl+Category.m in Sources */,
				00AC759C20CA586A0000C2B0 /* KLImageBrowserDownloader.m in Sources */,
				00AC759320CA31570000C2B0 /* KLImageBrowserVC.m in Sources */,
				0066D03E20C54DAC00EBD1A9 /* LL_AdvertScrollView.m in Sources */,
				00AC759620CA37B80000C2B0 /* KLImageBrowserModel.m in Sources */,
				00545E6520CE54C900064686 /* UIImage+Category.m in Sources */,
			);
			runOnlyForDeploymentPostprocessing = 0;
		};
/* End PBXSourcesBuildPhase section */

/* Begin PBXVariantGroup section */
		003119A2206CC4A400D5FC58 /* Main.storyboard */ = {
			isa = PBXVariantGroup;
			children = (
				003119A3206CC4A400D5FC58 /* Base */,
			);
			name = Main.storyboard;
			sourceTree = "<group>";
		};
		003119A7206CC4A400D5FC58 /* LaunchScreen.storyboard */ = {
			isa = PBXVariantGroup;
			children = (
				003119A8206CC4A400D5FC58 /* Base */,
			);
			name = LaunchScreen.storyboard;
			sourceTree = "<group>";
		};
/* End PBXVariantGroup section */

/* Begin XCBuildConfiguration section */
		003119AD206CC4A400D5FC58 /* Debug */ = {
			isa = XCBuildConfiguration;
			buildSettings = {
				ALWAYS_SEARCH_USER_PATHS = NO;
				CLANG_ANALYZER_NONNULL = YES;
				CLANG_ANALYZER_NUMBER_OBJECT_CONVERSION = YES_AGGRESSIVE;
				CLANG_CXX_LANGUAGE_STANDARD = "gnu++14";
				CLANG_CXX_LIBRARY = "libc++";
				CLANG_ENABLE_MODULES = YES;
				CLANG_ENABLE_OBJC_ARC = YES;
				CLANG_WARN_BLOCK_CAPTURE_AUTORELEASING = YES;
				CLANG_WARN_BOOL_CONVERSION = YES;
				CLANG_WARN_COMMA = YES;
				CLANG_WARN_CONSTANT_CONVERSION = YES;
				CLANG_WARN_DIRECT_OBJC_ISA_USAGE = YES_ERROR;
				CLANG_WARN_DOCUMENTATION_COMMENTS = YES;
				CLANG_WARN_EMPTY_BODY = YES;
				CLANG_WARN_ENUM_CONVERSION = YES;
				CLANG_WARN_INFINITE_RECURSION = YES;
				CLANG_WARN_INT_CONVERSION = YES;
				CLANG_WARN_NON_LITERAL_NULL_CONVERSION = YES;
				CLANG_WARN_OBJC_LITERAL_CONVERSION = YES;
				CLANG_WARN_OBJC_ROOT_CLASS = YES_ERROR;
				CLANG_WARN_RANGE_LOOP_ANALYSIS = YES;
				CLANG_WARN_STRICT_PROTOTYPES = YES;
				CLANG_WARN_SUSPICIOUS_MOVE = YES;
				CLANG_WARN_UNGUARDED_AVAILABILITY = YES_AGGRESSIVE;
				CLANG_WARN_UNREACHABLE_CODE = YES;
				CLANG_WARN__DUPLICATE_METHOD_MATCH = YES;
				CODE_SIGN_IDENTITY = "iPhone Developer";
				COPY_PHASE_STRIP = NO;
				DEBUG_INFORMATION_FORMAT = dwarf;
				ENABLE_STRICT_OBJC_MSGSEND = YES;
				ENABLE_TESTABILITY = YES;
				GCC_C_LANGUAGE_STANDARD = gnu11;
				GCC_DYNAMIC_NO_PIC = NO;
				GCC_NO_COMMON_BLOCKS = YES;
				GCC_OPTIMIZATION_LEVEL = 0;
				GCC_PREPROCESSOR_DEFINITIONS = (
					"DEBUG=1",
					"$(inherited)",
				);
				GCC_WARN_64_TO_32_BIT_CONVERSION = YES;
				GCC_WARN_ABOUT_RETURN_TYPE = YES_ERROR;
				GCC_WARN_UNDECLARED_SELECTOR = YES;
				GCC_WARN_UNINITIALIZED_AUTOS = YES_AGGRESSIVE;
				GCC_WARN_UNUSED_FUNCTION = YES;
				GCC_WARN_UNUSED_VARIABLE = YES;
				IPHONEOS_DEPLOYMENT_TARGET = 11.2;
				MTL_ENABLE_DEBUG_INFO = YES;
				ONLY_ACTIVE_ARCH = YES;
				SDKROOT = iphoneos;
			};
			name = Debug;
		};
		003119AE206CC4A400D5FC58 /* Release */ = {
			isa = XCBuildConfiguration;
			buildSettings = {
				ALWAYS_SEARCH_USER_PATHS = NO;
				CLANG_ANALYZER_NONNULL = YES;
				CLANG_ANALYZER_NUMBER_OBJECT_CONVERSION = YES_AGGRESSIVE;
				CLANG_CXX_LANGUAGE_STANDARD = "gnu++14";
				CLANG_CXX_LIBRARY = "libc++";
				CLANG_ENABLE_MODULES = YES;
				CLANG_ENABLE_OBJC_ARC = YES;
				CLANG_WARN_BLOCK_CAPTURE_AUTORELEASING = YES;
				CLANG_WARN_BOOL_CONVERSION = YES;
				CLANG_WARN_COMMA = YES;
				CLANG_WARN_CONSTANT_CONVERSION = YES;
				CLANG_WARN_DIRECT_OBJC_ISA_USAGE = YES_ERROR;
				CLANG_WARN_DOCUMENTATION_COMMENTS = YES;
				CLANG_WARN_EMPTY_BODY = YES;
				CLANG_WARN_ENUM_CONVERSION = YES;
				CLANG_WARN_INFINITE_RECURSION = YES;
				CLANG_WARN_INT_CONVERSION = YES;
				CLANG_WARN_NON_LITERAL_NULL_CONVERSION = YES;
				CLANG_WARN_OBJC_LITERAL_CONVERSION = YES;
				CLANG_WARN_OBJC_ROOT_CLASS = YES_ERROR;
				CLANG_WARN_RANGE_LOOP_ANALYSIS = YES;
				CLANG_WARN_STRICT_PROTOTYPES = YES;
				CLANG_WARN_SUSPICIOUS_MOVE = YES;
				CLANG_WARN_UNGUARDED_AVAILABILITY = YES_AGGRESSIVE;
				CLANG_WARN_UNREACHABLE_CODE = YES;
				CLANG_WARN__DUPLICATE_METHOD_MATCH = YES;
				CODE_SIGN_IDENTITY = "iPhone Developer";
				COPY_PHASE_STRIP = NO;
				DEBUG_INFORMATION_FORMAT = "dwarf-with-dsym";
				ENABLE_NS_ASSERTIONS = NO;
				ENABLE_STRICT_OBJC_MSGSEND = YES;
				GCC_C_LANGUAGE_STANDARD = gnu11;
				GCC_NO_COMMON_BLOCKS = YES;
				GCC_WARN_64_TO_32_BIT_CONVERSION = YES;
				GCC_WARN_ABOUT_RETURN_TYPE = YES_ERROR;
				GCC_WARN_UNDECLARED_SELECTOR = YES;
				GCC_WARN_UNINITIALIZED_AUTOS = YES_AGGRESSIVE;
				GCC_WARN_UNUSED_FUNCTION = YES;
				GCC_WARN_UNUSED_VARIABLE = YES;
				IPHONEOS_DEPLOYMENT_TARGET = 11.2;
				MTL_ENABLE_DEBUG_INFO = NO;
				SDKROOT = iphoneos;
				VALIDATE_PRODUCT = YES;
			};
			name = Release;
		};
		003119B0206CC4A400D5FC58 /* Debug */ = {
			isa = XCBuildConfiguration;
			baseConfigurationReference = DACA40E76ECA94BDFD397464 /* Pods-ToolDemo.debug.xcconfig */;
			buildSettings = {
				ASSETCATALOG_COMPILER_APPICON_NAME = AppIcon;
				CODE_SIGN_STYLE = Automatic;
				DEVELOPMENT_TEAM = 6AJ2E3Z5EP;
				INFOPLIST_FILE = ToolDemo/Info.plist;
				LD_RUNPATH_SEARCH_PATHS = "$(inherited) @executable_path/Frameworks";
				PRODUCT_BUNDLE_IDENTIFIER = zkl.SwiftDemo.ToolDemo;
				PRODUCT_NAME = "$(TARGET_NAME)";
				TARGETED_DEVICE_FAMILY = "1,2";
			};
			name = Debug;
		};
		003119B1206CC4A400D5FC58 /* Release */ = {
			isa = XCBuildConfiguration;
			baseConfigurationReference = 5BD7D31BFCAD4BE79A5FC57F /* Pods-ToolDemo.release.xcconfig */;
			buildSettings = {
				ASSETCATALOG_COMPILER_APPICON_NAME = AppIcon;
				CODE_SIGN_STYLE = Automatic;
				DEVELOPMENT_TEAM = 6AJ2E3Z5EP;
				INFOPLIST_FILE = ToolDemo/Info.plist;
				LD_RUNPATH_SEARCH_PATHS = "$(inherited) @executable_path/Frameworks";
				PRODUCT_BUNDLE_IDENTIFIER = zkl.SwiftDemo.ToolDemo;
				PRODUCT_NAME = "$(TARGET_NAME)";
				TARGETED_DEVICE_FAMILY = "1,2";
			};
			name = Release;
		};
/* End XCBuildConfiguration section */

/* Begin XCConfigurationList section */
		00311994206CC4A400D5FC58 /* Build configuration list for PBXProject "ToolDemo" */ = {
			isa = XCConfigurationList;
			buildConfigurations = (
				003119AD206CC4A400D5FC58 /* Debug */,
				003119AE206CC4A400D5FC58 /* Release */,
			);
			defaultConfigurationIsVisible = 0;
			defaultConfigurationName = Release;
		};
		003119AF206CC4A400D5FC58 /* Build configuration list for PBXNativeTarget "ToolDemo" */ = {
			isa = XCConfigurationList;
			buildConfigurations = (
				003119B0206CC4A400D5FC58 /* Debug */,
				003119B1206CC4A400D5FC58 /* Release */,
			);
			defaultConfigurationIsVisible = 0;
			defaultConfigurationName = Release;
		};
/* End XCConfigurationList section */
	};
	rootObject = 00311991206CC4A400D5FC58 /* Project object */;
}
